
Microsoft Visual Studio Solution File, Format Version 12.00
# Visual Studio Version 16
VisualStudioVersion = 16.0.31911.196
MinimumVisualStudioVersion = 10.0.40219.1
Project("{9A19103F-16F7-4668-BE54-9A1E7A4F7556}") = "Wallone.UI", "Wallone.UI\Wallone.UI.csproj", "{F4EA24AC-A4BA-461C-B6F8-A453B668A953}"
EndProject
Project("{9A19103F-16F7-4668-BE54-9A1E7A4F7556}") = "Wallone.Core", "Wallone.Core\Wallone.Core.csproj", "{7463DFA8-E903-422D-9BB3-E8B72443F437}"
EndProject
Project("{9A19103F-16F7-4668-BE54-9A1E7A4F7556}") = "Wallone.Common", "Wallone.Common\Wallone.Common.csproj", "{338D61E0-EB9D-4111-832E-2877F47AA2BD}"
EndProject
Project("{9A19103F-16F7-4668-BE54-9A1E7A4F7556}") = "Wallone.Authorization", "Wallone.Authorization\Wallone.Authorization.csproj", "{07998C59-ADDF-49BD-80A2-21E421D69731}"
EndProject
Project("{2150E333-8FDC-42A3-9474-1A3956D46DE8}") = "Solution Items", "Solution Items", "{5DC8C974-DED9-4377-9F3B-0C81CFD32951}"
	ProjectSection(SolutionItems) = preProject
		.editorconfig = .editorconfig
	EndProjectSection
EndProject
Project("{9A19103F-16F7-4668-BE54-9A1E7A4F7556}") = "Wallone.Controls", "Wallone.Controls\Wallone.Controls.csproj", "{1437DEB0-9964-43F2-8E06-B5EB49C2FD66}"
EndProject
Project("{9A19103F-16F7-4668-BE54-9A1E7A4F7556}") = "Wallone.UI.Test.Loader", "Wallone.UI.Test.Loader\Wallone.UI.Test.Loader.csproj", "{77CB5C1A-A3AA-4F84-B545-E277539752D0}"
EndProject
Global
	GlobalSection(SolutionConfigurationPlatforms) = preSolution
		Debug|Any CPU = Debug|Any CPU
		Debug|ARM = Debug|ARM
		Debug|ARM64 = Debug|ARM64
		Debug|x64 = Debug|x64
		Debug|x86 = Debug|x86
		Release|Any CPU = Release|Any CPU
		Release|ARM = Release|ARM
		Release|ARM64 = Release|ARM64
		Release|x64 = Release|x64
		Release|x86 = Release|x86
	EndGlobalSection
	GlobalSection(ProjectConfigurationPlatforms) = postSolution
		{F4EA24AC-A4BA-461C-B6F8-A453B668A953}.Debug|Any CPU.ActiveCfg = Debug|Any CPU
		{F4EA24AC-A4BA-461C-B6F8-A453B668A953}.Debug|Any CPU.Build.0 = Debug|Any CPU
		{F4EA24AC-A4BA-461C-B6F8-A453B668A953}.Debug|ARM.ActiveCfg = Debug|Any CPU
		{F4EA24AC-A4BA-461C-B6F8-A453B668A953}.Debug|ARM.Build.0 = Debug|Any CPU
		{F4EA24AC-A4BA-461C-B6F8-A453B668A953}.Debug|ARM64.ActiveCfg = Debug|Any CPU
		{F4EA24AC-A4BA-461C-B6F8-A453B668A953}.Debug|ARM64.Build.0 = Debug|Any CPU
		{F4EA24AC-A4BA-461C-B6F8-A453B668A953}.Debug|x64.ActiveCfg = Debug|Any CPU
		{F4EA24AC-A4BA-461C-B6F8-A453B668A953}.Debug|x64.Build.0 = Debug|Any CPU
		{F4EA24AC-A4BA-461C-B6F8-A453B668A953}.Debug|x86.ActiveCfg = Debug|Any CPU
		{F4EA24AC-A4BA-461C-B6F8-A453B668A953}.Debug|x86.Build.0 = Debug|Any CPU
		{F4EA24AC-A4BA-461C-B6F8-A453B668A953}.Release|Any CPU.ActiveCfg = Release|Any CPU
		{F4EA24AC-A4BA-461C-B6F8-A453B668A953}.Release|Any CPU.Build.0 = Release|Any CPU
		{F4EA24AC-A4BA-461C-B6F8-A453B668A953}.Release|ARM.ActiveCfg = Release|Any CPU
		{F4EA24AC-A4BA-461C-B6F8-A453B668A953}.Release|ARM.Build.0 = Release|Any CPU
		{F4EA24AC-A4BA-461C-B6F8-A453B668A953}.Release|ARM64.ActiveCfg = Release|Any CPU
		{F4EA24AC-A4BA-461C-B6F8-A453B668A953}.Release|ARM64.Build.0 = Release|Any CPU
		{F4EA24AC-A4BA-461C-B6F8-A453B668A953}.Release|x64.ActiveCfg = Release|Any CPU
		{F4EA24AC-A4BA-461C-B6F8-A453B668A953}.Release|x64.Build.0 = Release|Any CPU
		{F4EA24AC-A4BA-461C-B6F8-A453B668A953}.Release|x86.ActiveCfg = Release|Any CPU
		{F4EA24AC-A4BA-461C-B6F8-A453B668A953}.Release|x86.Build.0 = Release|Any CPU
		{7463DFA8-E903-422D-9BB3-E8B72443F437}.Debug|Any CPU.ActiveCfg = Debug|Any CPU
		{7463DFA8-E903-422D-9BB3-E8B72443F437}.Debug|Any CPU.Build.0 = Debug|Any CPU
		{7463DFA8-E903-422D-9BB3-E8B72443F437}.Debug|ARM.ActiveCfg = Debug|Any CPU
		{7463DFA8-E903-422D-9BB3-E8B72443F437}.Debug|ARM64.ActiveCfg = Debug|Any CPU
		{7463DFA8-E903-422D-9BB3-E8B72443F437}.Debug|x64.ActiveCfg = Debug|Any CPU
		{7463DFA8-E903-422D-9BB3-E8B72443F437}.Debug|x86.ActiveCfg = Debug|Any CPU
		{7463DFA8-E903-422D-9BB3-E8B72443F437}.Release|Any CPU.ActiveCfg = Release|Any CPU
		{7463DFA8-E903-422D-9BB3-E8B72443F437}.Release|Any CPU.Build.0 = Release|Any CPU
		{7463DFA8-E903-422D-9BB3-E8B72443F437}.Release|ARM.ActiveCfg = Release|Any CPU
		{7463DFA8-E903-422D-9BB3-E8B72443F437}.Release|ARM64.ActiveCfg = Release|Any CPU
		{7463DFA8-E903-422D-9BB3-E8B72443F437}.Release|x64.ActiveCfg = Release|Any CPU
		{7463DFA8-E903-422D-9BB3-E8B72443F437}.Release|x86.ActiveCfg = Release|Any CPU
		{338D61E0-EB9D-4111-832E-2877F47AA2BD}.Debug|Any CPU.ActiveCfg = Debug|Any CPU
		{338D61E0-EB9D-4111-832E-2877F47AA2BD}.Debug|Any CPU.Build.0 = Debug|Any CPU
		{338D61E0-EB9D-4111-832E-2877F47AA2BD}.Debug|ARM.ActiveCfg = Debug|Any CPU
		{338D61E0-EB9D-4111-832E-2877F47AA2BD}.Debug|ARM.Build.0 = Debug|Any CPU
		{338D61E0-EB9D-4111-832E-2877F47AA2BD}.Debug|ARM64.ActiveCfg = Debug|Any CPU
		{338D61E0-EB9D-4111-832E-2877F47AA2BD}.Debug|ARM64.Build.0 = Debug|Any CPU
		{338D61E0-EB9D-4111-832E-2877F47AA2BD}.Debug|x64.ActiveCfg = Debug|Any CPU
		{338D61E0-EB9D-4111-832E-2877F47AA2BD}.Debug|x64.Build.0 = Debug|Any CPU
		{338D61E0-EB9D-4111-832E-2877F47AA2BD}.Debug|x86.ActiveCfg = Debug|Any CPU
		{338D61E0-EB9D-4111-832E-2877F47AA2BD}.Debug|x86.Build.0 = Debug|Any CPU
		{338D61E0-EB9D-4111-832E-2877F47AA2BD}.Release|Any CPU.ActiveCfg = Release|Any CPU
		{338D61E0-EB9D-4111-832E-2877F47AA2BD}.Release|Any CPU.Build.0 = Release|Any CPU
		{338D61E0-EB9D-4111-832E-2877F47AA2BD}.Release|ARM.ActiveCfg = Release|Any CPU
		{338D61E0-EB9D-4111-832E-2877F47AA2BD}.Release|ARM.Build.0 = Release|Any CPU
		{338D61E0-EB9D-4111-832E-2877F47AA2BD}.Release|ARM64.ActiveCfg = Release|Any CPU
		{338D61E0-EB9D-4111-832E-2877F47AA2BD}.Release|ARM64.Build.0 = Release|Any CPU
		{338D61E0-EB9D-4111-832E-2877F47AA2BD}.Release|x64.ActiveCfg = Release|Any CPU
		{338D61E0-EB9D-4111-832E-2877F47AA2BD}.Release|x64.Build.0 = Release|Any CPU
		{338D61E0-EB9D-4111-832E-2877F47AA2BD}.Release|x86.ActiveCfg = Release|Any CPU
		{338D61E0-EB9D-4111-832E-2877F47AA2BD}.Release|x86.Build.0 = Release|Any CPU
		{07998C59-ADDF-49BD-80A2-21E421D69731}.Debug|Any CPU.ActiveCfg = Debug|Any CPU
		{07998C59-ADDF-49BD-80A2-21E421D69731}.Debug|Any CPU.Build.0 = Debug|Any CPU
		{07998C59-ADDF-49BD-80A2-21E421D69731}.Debug|ARM.ActiveCfg = Debug|Any CPU
		{07998C59-ADDF-49BD-80A2-21E421D69731}.Debug|ARM.Build.0 = Debug|Any CPU
		{07998C59-ADDF-49BD-80A2-21E421D69731}.Debug|ARM64.ActiveCfg = Debug|Any CPU
		{07998C59-ADDF-49BD-80A2-21E421D69731}.Debug|ARM64.Build.0 = Debug|Any CPU
		{07998C59-ADDF-49BD-80A2-21E421D69731}.Debug|x64.ActiveCfg = Debug|Any CPU
		{07998C59-ADDF-49BD-80A2-21E421D69731}.Debug|x64.Build.0 = Debug|Any CPU
		{07998C59-ADDF-49BD-80A2-21E421D69731}.Debug|x86.ActiveCfg = Debug|Any CPU
		{07998C59-ADDF-49BD-80A2-21E421D69731}.Debug|x86.Build.0 = Debug|Any CPU
		{07998C59-ADDF-49BD-80A2-21E421D69731}.Release|Any CPU.ActiveCfg = Release|Any CPU
		{07998C59-ADDF-49BD-80A2-21E421D69731}.Release|Any CPU.Build.0 = Release|Any CPU
		{07998C59-ADDF-49BD-80A2-21E421D69731}.Release|ARM.ActiveCfg = Release|Any CPU
		{07998C59-ADDF-49BD-80A2-21E421D69731}.Release|ARM.Build.0 = Release|Any CPU
		{07998C59-ADDF-49BD-80A2-21E421D69731}.Release|ARM64.ActiveCfg = Release|Any CPU
		{07998C59-ADDF-49BD-80A2-21E421D69731}.Release|ARM64.Build.0 = Release|Any CPU
		{07998C59-ADDF-49BD-80A2-21E421D69731}.Release|x64.ActiveCfg = Release|Any CPU
		{07998C59-ADDF-49BD-80A2-21E421D69731}.Release|x64.Build.0 = Release|Any CPU
		{07998C59-ADDF-49BD-80A2-21E421D69731}.Release|x86.ActiveCfg = Release|Any CPU
		{07998C59-ADDF-49BD-80A2-21E421D69731}.Release|x86.Build.0 = Release|Any CPU
		{1437DEB0-9964-43F2-8E06-B5EB49C2FD66}.Debug|Any CPU.ActiveCfg = Debug|Any CPU
		{1437DEB0-9964-43F2-8E06-B5EB49C2FD66}.Debug|Any CPU.Build.0 = Debug|Any CPU
		{1437DEB0-9964-43F2-8E06-B5EB49C2FD66}.Debug|ARM.ActiveCfg = Debug|Any CPU
		{1437DEB0-9964-43F2-8E06-B5EB49C2FD66}.Debug|ARM64.ActiveCfg = Debug|Any CPU
		{1437DEB0-9964-43F2-8E06-B5EB49C2FD66}.Debug|x64.ActiveCfg = Debug|Any CPU
		{1437DEB0-9964-43F2-8E06-B5EB49C2FD66}.Debug|x86.ActiveCfg = Debug|Any CPU
		{1437DEB0-9964-43F2-8E06-B5EB49C2FD66}.Release|Any CPU.ActiveCfg = Release|Any CPU
		{1437DEB0-9964-43F2-8E06-B5EB49C2FD66}.Release|Any CPU.Build.0 = Release|Any CPU
		{1437DEB0-9964-43F2-8E06-B5EB49C2FD66}.Release|ARM.ActiveCfg = Release|Any CPU
		{1437DEB0-9964-43F2-8E06-B5EB49C2FD66}.Release|ARM64.ActiveCfg = Release|Any CPU
		{1437DEB0-9964-43F2-8E06-B5EB49C2FD66}.Release|x64.ActiveCfg = Release|Any CPU
		{1437DEB0-9964-43F2-8E06-B5EB49C2FD66}.Release|x86.ActiveCfg = Release|Any CPU
		{77CB5C1A-A3AA-4F84-B545-E277539752D0}.Debug|Any CPU.ActiveCfg = Debug|Any CPU
		{77CB5C1A-A3AA-4F84-B545-E277539752D0}.Debug|Any CPU.Build.0 = Debug|Any CPU
		{77CB5C1A-A3AA-4F84-B545-E277539752D0}.Debug|ARM.ActiveCfg = Debug|Any CPU
		{77CB5C1A-A3AA-4F84-B545-E277539752D0}.Debug|ARM.Build.0 = Debug|Any CPU
		{77CB5C1A-A3AA-4F84-B545-E277539752D0}.Debug|ARM64.ActiveCfg = Debug|Any CPU
		{77CB5C1A-A3AA-4F84-B545-E277539752D0}.Debug|ARM64.Build.0 = Debug|Any CPU
		{77CB5C1A-A3AA-4F84-B545-E277539752D0}.Debug|x64.ActiveCfg = Debug|Any CPU
		{77CB5C1A-A3AA-4F84-B545-E277539752D0}.Debug|x64.Build.0 = Debug|Any CPU
		{77CB5C1A-A3AA-4F84-B545-E277539752D0}.Debug|x86.ActiveCfg = Debug|Any CPU
		{77CB5C1A-A3AA-4F84-B545-E277539752D0}.Debug|x86.Build.0 = Debug|Any CPU
		{77CB5C1A-A3AA-4F84-B545-E277539752D0}.Release|Any CPU.ActiveCfg = Release|Any CPU
		{77CB5C1A-A3AA-4F84-B545-E277539752D0}.Release|Any CPU.Build.0 = Release|Any CPU
		{77CB5C1A-A3AA-4F84-B545-E277539752D0}.Release|ARM.ActiveCfg = Release|Any CPU
		{77CB5C1A-A3AA-4F84-B545-E277539752D0}.Release|ARM.Build.0 = Release|Any CPU
		{77CB5C1A-A3AA-4F84-B545-E277539752D0}.Release|ARM64.ActiveCfg = Release|Any CPU
		{77CB5C1A-A3AA-4F84-B545-E277539752D0}.Release|ARM64.Build.0 = Release|Any CPU
		{77CB5C1A-A3AA-4F84-B545-E277539752D0}.Release|x64.ActiveCfg = Release|Any CPU
		{77CB5C1A-A3AA-4F84-B545-E277539752D0}.Release|x64.Build.0 = Release|Any CPU
		{77CB5C1A-A3AA-4F84-B545-E277539752D0}.Release|x86.ActiveCfg = Release|Any CPU
		{77CB5C1A-A3AA-4F84-B545-E277539752D0}.Release|x86.Build.0 = Release|Any CPU
	EndGlobalSection
	GlobalSection(SolutionProperties) = preSolution
		HideSolutionNode = FALSE
	EndGlobalSection
	GlobalSection(ExtensibilityGlobals) = postSolution
		SolutionGuid = {C134BA3F-F73D-4C16-8B2A-9511F3562E78}
	EndGlobalSection
EndGlobal
